<?xml version="1.0" encoding="utf-8"?>
<Project ToolsVersion="4.0" xmlns="http://schemas.microsoft.com/developer/msbuild/2003">
  <ItemGroup>
    <Filter Include="Source Files">
      <UniqueIdentifier>{4FC737F1-C7A5-4376-A066-2A32D752A2FF}</UniqueIdentifier>
      <Extensions>cpp;c;cc;cxx;def;odl;idl;hpj;bat;asm;asmx</Extensions>
    </Filter>
    <Filter Include="Header Files">
      <UniqueIdentifier>{93995380-89BD-4b04-88EB-625FBE52EBFB}</UniqueIdentifier>
      <Extensions>h;hh;hpp;hxx;hm;inl;inc;xsd</Extensions>
    </Filter>
    <Filter Include="Resource Files">
      <UniqueIdentifier>{67DA6AB6-F800-4c08-8B7A-83BB121AAD01}</UniqueIdentifier>
      <Extensions>rc;ico;cur;bmp;dlg;rc2;rct;bin;rgs;gif;jpg;jpeg;jpe;resx;tiff;tif;png;wav;mfcribbon-ms</Extensions>
    </Filter>
    <Filter Include="Source Files\common">
      <UniqueIdentifier>{24c6652d-59b1-404f-a528-335a5d980995}</UniqueIdentifier>
    </Filter>
    <Filter Include="Source Files\util">
      <UniqueIdentifier>{011ddba5-22a1-4038-913a-c13f2ae27677}</UniqueIdentifier>
    </Filter>
    <Filter Include="Source Files\db_framework">
      <UniqueIdentifier>{0ed7af11-cb93-4122-91fb-43a79e665db7}</UniqueIdentifier>
    </Filter>
    <Filter Include="Source Files\tre">
      <UniqueIdentifier>{9885c256-3616-47b8-9877-e0fc02d1166e}</UniqueIdentifier>
    </Filter>
    <Filter Include="Source Files\compat">
      <UniqueIdentifier>{b0e6a91d-bdfd-4ff8-919a-6f204f6356c6}</UniqueIdentifier>
    </Filter>
  </ItemGroup>
  <ItemGroup>
    <ClCompile Include="..\..\common\common_auth.c">
      <Filter>Source Files\common</Filter>
    </ClCompile>
    <ClCompile Include="..\..\common\common_client.c">
      <Filter>Source Files\common</Filter>
    </ClCompile>
    <ClCompile Include="..\..\common\common_config.c">
      <Filter>Source Files\common</Filter>
    </ClCompile>
    <ClCompile Include="..\..\common\common_main.c">
      <Filter>Source Files\common</Filter>
    </ClCompile>
    <ClCompile Include="..\..\common\common_server.c">
      <Filter>Source Files\common</Filter>
    </ClCompile>
    <ClCompile Include="..\..\common\common_util_sql.c">
      <Filter>Source Files\common</Filter>
    </ClCompile>
    <ClCompile Include="..\..\common\common_websocket.c">
      <Filter>Source Files\common</Filter>
    </ClCompile>
    <ClCompile Include="..\..\common\http_auth.c">
      <Filter>Source Files\common</Filter>
    </ClCompile>
    <ClCompile Include="..\..\common\http_ev.c">
      <Filter>Source Files\common</Filter>
    </ClCompile>
    <ClCompile Include="..\..\common\http_export.c">
      <Filter>Source Files\common</Filter>
    </ClCompile>
    <ClCompile Include="..\..\common\http_file.c">
      <Filter>Source Files\common</Filter>
    </ClCompile>
    <ClCompile Include="..\..\common\http_main.c">
      <Filter>Source Files\common</Filter>
    </ClCompile>
    <ClCompile Include="..\..\common\http_upload.c">
      <Filter>Source Files\common</Filter>
    </ClCompile>
    <ClCompile Include="..\..\common\ws_delete.c">
      <Filter>Source Files\common</Filter>
    </ClCompile>
    <ClCompile Include="..\..\common\ws_insert.c">
      <Filter>Source Files\common</Filter>
    </ClCompile>
    <ClCompile Include="..\..\common\ws_select.c">
      <Filter>Source Files\common</Filter>
    </ClCompile>
    <ClCompile Include="..\..\common\ws_update.c">
      <Filter>Source Files\common</Filter>
    </ClCompile>
    <ClCompile Include="..\..\util\util_aes.c">
      <Filter>Source Files\util</Filter>
    </ClCompile>
    <ClCompile Include="..\..\util\util_base64.c">
      <Filter>Source Files\util</Filter>
    </ClCompile>
    <ClCompile Include="..\..\util\util_canonical.c">
      <Filter>Source Files\util</Filter>
    </ClCompile>
    <ClCompile Include="..\..\util\util_cookie.c">
      <Filter>Source Files\util</Filter>
    </ClCompile>
    <ClCompile Include="..\..\util\util_darray.c">
      <Filter>Source Files\util</Filter>
    </ClCompile>
    <ClCompile Include="..\..\util\util_error.c">
      <Filter>Source Files\util</Filter>
    </ClCompile>
    <ClCompile Include="..\..\util\util_exec.c">
      <Filter>Source Files\util</Filter>
    </ClCompile>
    <ClCompile Include="..\..\util\util_file.c">
      <Filter>Source Files\util</Filter>
    </ClCompile>
    <ClCompile Include="..\..\util\util_getopt.c">
      <Filter>Source Files\util</Filter>
    </ClCompile>
    <ClCompile Include="..\..\util\util_idle.c">
      <Filter>Source Files\util</Filter>
    </ClCompile>
    <ClCompile Include="..\..\util\util_ini.c">
      <Filter>Source Files\util</Filter>
    </ClCompile>
    <ClCompile Include="..\..\util\util_list.c">
      <Filter>Source Files\util</Filter>
    </ClCompile>
    <ClCompile Include="..\..\util\util_request.c">
      <Filter>Source Files\util</Filter>
    </ClCompile>
    <ClCompile Include="..\..\util\util_salloc.c">
      <Filter>Source Files\util</Filter>
    </ClCompile>
    <ClCompile Include="..\..\util\util_sql_split.c">
      <Filter>Source Files\util</Filter>
    </ClCompile>
    <ClCompile Include="..\..\util\util_string.c">
      <Filter>Source Files\util</Filter>
    </ClCompile>
    <ClCompile Include="..\..\util\util_strptime.c">
      <Filter>Source Files\util</Filter>
    </ClCompile>
    <ClCompile Include="..\..\envelope\http_accept.c">
      <Filter>Source Files</Filter>
    </ClCompile>
    <ClCompile Include="..\..\envelope\http_action.c">
      <Filter>Source Files</Filter>
    </ClCompile>
    <ClCompile Include="..\..\envelope\http_delete.c">
      <Filter>Source Files</Filter>
    </ClCompile>
    <ClCompile Include="..\..\envelope\http_insert.c">
      <Filter>Source Files</Filter>
    </ClCompile>
    <ClCompile Include="..\..\envelope\http_select.c">
      <Filter>Source Files</Filter>
    </ClCompile>
    <ClCompile Include="..\..\envelope\http_update.c">
      <Filter>Source Files</Filter>
    </ClCompile>
    <ClCompile Include="..\..\envelope\ws_action.c">
      <Filter>Source Files</Filter>
    </ClCompile>
    <ClCompile Include="..\..\envelope\ws_file.c">
      <Filter>Source Files</Filter>
    </ClCompile>
    <ClCompile Include="..\..\db_framework_pq\db_framework.c">
      <Filter>Source Files\db_framework</Filter>
    </ClCompile>
    <ClCompile Include="..\..\dependencies\tre\lib\tre-compile.c">
      <Filter>Source Files\tre</Filter>
    </ClCompile>
    <ClCompile Include="..\..\dependencies\tre\lib\tre-filter.c">
      <Filter>Source Files\tre</Filter>
    </ClCompile>
    <ClCompile Include="..\..\dependencies\tre\lib\tre-match-backtrack.c">
      <Filter>Source Files\tre</Filter>
    </ClCompile>
    <ClCompile Include="..\..\dependencies\tre\lib\tre-match-parallel.c">
      <Filter>Source Files\tre</Filter>
    </ClCompile>
    <ClCompile Include="..\..\dependencies\tre\lib\tre-mem.c">
      <Filter>Source Files\tre</Filter>
    </ClCompile>
    <ClCompile Include="..\..\dependencies\tre\lib\tre-parse.c">
      <Filter>Source Files\tre</Filter>
    </ClCompile>
    <ClCompile Include="..\..\dependencies\tre\lib\tre-stack.c">
      <Filter>Source Files\tre</Filter>
    </ClCompile>
    <ClCompile Include="..\..\dependencies\tre\lib\xmalloc.c">
      <Filter>Source Files\tre</Filter>
    </ClCompile>
    <ClCompile Include="..\..\dependencies\tre\lib\regcomp.c">
      <Filter>Source Files\tre</Filter>
    </ClCompile>
    <ClCompile Include="..\..\dependencies\tre\lib\regerror.c">
      <Filter>Source Files\tre</Filter>
    </ClCompile>
    <ClCompile Include="..\..\dependencies\tre\lib\regexec.c">
      <Filter>Source Files\tre</Filter>
    </ClCompile>
    <ClCompile Include="..\..\dependencies\tre\lib\tre-ast.c">
      <Filter>Source Files\tre</Filter>
    </ClCompile>
    <ClCompile Include="..\compat\bsd-asprintf.c">
      <Filter>Source Files\compat</Filter>
    </ClCompile>
    <ClCompile Include="..\compat\posix_win.c">
      <Filter>Source Files\compat</Filter>
    </ClCompile>
    <ClCompile Include="..\..\common\common_ssl.c">
      <Filter>Source Files\common</Filter>
    </ClCompile>
  </ItemGroup>
  <ItemGroup>
    <ClInclude Include="..\..\common\common_auth.h">
      <Filter>Source Files\common</Filter>
    </ClInclude>
    <ClInclude Include="..\..\common\common_client.h">
      <Filter>Source Files\common</Filter>
    </ClInclude>
    <ClInclude Include="..\..\common\common_client_struct.h">
      <Filter>Source Files\common</Filter>
    </ClInclude>
    <ClInclude Include="..\..\common\common_config.h">
      <Filter>Source Files\common</Filter>
    </ClInclude>
    <ClInclude Include="..\..\common\common_server.h">
      <Filter>Source Files\common</Filter>
    </ClInclude>
    <ClInclude Include="..\..\common\common_util_sql.h">
      <Filter>Source Files\common</Filter>
    </ClInclude>
    <ClInclude Include="..\..\common\common_websocket.h">
      <Filter>Source Files\common</Filter>
    </ClInclude>
    <ClInclude Include="..\..\common\http_auth.h">
      <Filter>Source Files\common</Filter>
    </ClInclude>
    <ClInclude Include="..\..\common\http_ev.h">
      <Filter>Source Files\common</Filter>
    </ClInclude>
    <ClInclude Include="..\..\common\http_export.h">
      <Filter>Source Files\common</Filter>
    </ClInclude>
    <ClInclude Include="..\..\common\http_file.h">
      <Filter>Source Files\common</Filter>
    </ClInclude>
    <ClInclude Include="..\..\common\http_main.h">
      <Filter>Source Files\common</Filter>
    </ClInclude>
    <ClInclude Include="..\..\common\http_upload.h">
      <Filter>Source Files\common</Filter>
    </ClInclude>
    <ClInclude Include="..\..\common\ws_delete.h">
      <Filter>Source Files\common</Filter>
    </ClInclude>
    <ClInclude Include="..\..\common\ws_insert.h">
      <Filter>Source Files\common</Filter>
    </ClInclude>
    <ClInclude Include="..\..\common\ws_select.h">
      <Filter>Source Files\common</Filter>
    </ClInclude>
    <ClInclude Include="..\..\common\ws_update.h">
      <Filter>Source Files\common</Filter>
    </ClInclude>
    <ClInclude Include="..\..\util\util_aes.h">
      <Filter>Source Files\util</Filter>
    </ClInclude>
    <ClInclude Include="..\..\util\util_base64.h">
      <Filter>Source Files\util</Filter>
    </ClInclude>
    <ClInclude Include="..\..\util\util_canonical.h">
      <Filter>Source Files\util</Filter>
    </ClInclude>
    <ClInclude Include="..\..\util\util_cookie.h">
      <Filter>Source Files\util</Filter>
    </ClInclude>
    <ClInclude Include="..\..\util\util_darray.h">
      <Filter>Source Files\util</Filter>
    </ClInclude>
    <ClInclude Include="..\..\util\util_error.h">
      <Filter>Source Files\util</Filter>
    </ClInclude>
    <ClInclude Include="..\..\util\util_exec.h">
      <Filter>Source Files\util</Filter>
    </ClInclude>
    <ClInclude Include="..\..\util\util_file.h">
      <Filter>Source Files\util</Filter>
    </ClInclude>
    <ClInclude Include="..\..\util\util_getopt.h">
      <Filter>Source Files\util</Filter>
    </ClInclude>
    <ClInclude Include="..\..\util\util_idle.h">
      <Filter>Source Files\util</Filter>
    </ClInclude>
    <ClInclude Include="..\..\util\util_ini.h">
      <Filter>Source Files\util</Filter>
    </ClInclude>
    <ClInclude Include="..\..\util\util_list.h">
      <Filter>Source Files\util</Filter>
    </ClInclude>
    <ClInclude Include="..\..\util\util_list_queue.h">
      <Filter>Source Files\util</Filter>
    </ClInclude>
    <ClInclude Include="..\..\util\util_request.h">
      <Filter>Source Files\util</Filter>
    </ClInclude>
    <ClInclude Include="..\..\util\util_salloc.h">
      <Filter>Source Files\util</Filter>
    </ClInclude>
    <ClInclude Include="..\..\util\util_sql_split.h">
      <Filter>Source Files\util</Filter>
    </ClInclude>
    <ClInclude Include="..\..\util\util_string.h">
      <Filter>Source Files\util</Filter>
    </ClInclude>
    <ClInclude Include="..\..\util\util_strptime.h">
      <Filter>Source Files\util</Filter>
    </ClInclude>
    <ClInclude Include="..\..\envelope\http_accept.h">
      <Filter>Source Files</Filter>
    </ClInclude>
    <ClInclude Include="..\..\envelope\http_action.h">
      <Filter>Source Files</Filter>
    </ClInclude>
    <ClInclude Include="..\..\envelope\http_delete.h">
      <Filter>Source Files</Filter>
    </ClInclude>
    <ClInclude Include="..\..\envelope\http_insert.h">
      <Filter>Source Files</Filter>
    </ClInclude>
    <ClInclude Include="..\..\envelope\http_select.h">
      <Filter>Source Files</Filter>
    </ClInclude>
    <ClInclude Include="..\..\envelope\http_update.h">
      <Filter>Source Files</Filter>
    </ClInclude>
    <ClInclude Include="..\..\envelope\ws_action.h">
      <Filter>Source Files</Filter>
    </ClInclude>
    <ClInclude Include="..\..\envelope\ws_file.h">
      <Filter>Source Files</Filter>
    </ClInclude>
    <ClInclude Include="..\..\db_framework_pq\db_framework.h">
      <Filter>Source Files\db_framework</Filter>
    </ClInclude>
    <ClInclude Include="..\..\dependencies\tre\lib\tre-ast.h">
      <Filter>Source Files\tre</Filter>
    </ClInclude>
    <ClInclude Include="..\..\dependencies\tre\lib\tre-compile.h">
      <Filter>Source Files\tre</Filter>
    </ClInclude>
    <ClInclude Include="..\..\dependencies\tre\lib\tre-config.h">
      <Filter>Source Files\tre</Filter>
    </ClInclude>
    <ClInclude Include="..\..\dependencies\tre\lib\tre-filter.h">
      <Filter>Source Files\tre</Filter>
    </ClInclude>
    <ClInclude Include="..\..\dependencies\tre\lib\tre-internal.h">
      <Filter>Source Files\tre</Filter>
    </ClInclude>
    <ClInclude Include="..\..\dependencies\tre\lib\tre-match-utils.h">
      <Filter>Source Files\tre</Filter>
    </ClInclude>
    <ClInclude Include="..\..\dependencies\tre\lib\tre-mem.h">
      <Filter>Source Files\tre</Filter>
    </ClInclude>
    <ClInclude Include="..\..\dependencies\tre\lib\tre-parse.h">
      <Filter>Source Files\tre</Filter>
    </ClInclude>
    <ClInclude Include="..\..\dependencies\tre\lib\tre-stack.h">
      <Filter>Source Files\tre</Filter>
    </ClInclude>
    <ClInclude Include="..\..\dependencies\tre\lib\xmalloc.h">
      <Filter>Source Files\tre</Filter>
    </ClInclude>
    <ClInclude Include="..\..\dependencies\tre\lib\regex.h">
      <Filter>Source Files\tre</Filter>
    </ClInclude>
    <ClInclude Include="..\..\dependencies\tre\lib\tre.h">
      <Filter>Source Files\tre</Filter>
    </ClInclude>
    <ClInclude Include="..\..\common\common_ssl.h">
      <Filter>Source Files\common</Filter>
    </ClInclude>
  </ItemGroup>
  <ItemGroup>
    <None Include="..\..\envelope\web_root\test.html">
      <Filter>Resource Files</Filter>
    </None>
  </ItemGroup>
</Project>