
Microsoft Visual Studio Solution File, Format Version 12.00
# Visual Studio 14
VisualStudioVersion = 14.0.25420.1
MinimumVisualStudioVersion = 10.0.40219.1
Project("{8BC9CEB8-8B4A-11D0-8D11-00A0C91BC942}") = "postage", "postage\postage.vcxproj", "{610DEA50-50E1-48A6-BF11-78F555E5EF51}"
EndProject
Project("{8BC9CEB8-8B4A-11D0-8D11-00A0C91BC942}") = "envelope", "envelope\envelope.vcxproj", "{0A2DA43C-7947-4E7D-A0B8-051D0C6B48C8}"
EndProject
Project("{8BC9CEB8-8B4A-11D0-8D11-00A0C91BC942}") = "EnvelopeService", "envelope\EnvelopeService.vcxproj", "{35CEF0CC-F544-4339-BFE4-5248EB813F48}"
EndProject
Project("{8BC9CEB8-8B4A-11D0-8D11-00A0C91BC942}") = "EnvelopeServiceInstaller", "envelope\EnvelopeServiceInstaller.vcxproj", "{147FF753-AC82-4939-BDC9-8DDAE5DD5BA8}"
EndProject
Project("{8BC9CEB8-8B4A-11D0-8D11-00A0C91BC942}") = "EnvelopeWebrootInstaller", "envelope\EnvelopeWebrootInstaller.vcxproj", "{CAFEF682-BD4E-4FCB-AE4B-D926EAC2F7A9}"
EndProject
Project("{54435603-DBB4-11D2-8724-00A0C9A8B90C}") = "EnvelopeSetupx86", "envelope\EnvelopeSetupx86.vdproj", "{1DCAC491-D1C7-4BE3-9418-F2CAEBB34927}"
EndProject
Project("{FAE04EC0-301F-11D3-BF4B-00C04F79EFBC}") = "PostageGUI", "postage\PostageGUI\PostageGUI.csproj", "{6E49773D-B09F-456D-82F7-FA7E3455AF26}"
EndProject
Project("{54435603-DBB4-11D2-8724-00A0C9A8B90C}") = "PostageSetup", "postage\PostageSetup.vdproj", "{C00EA8E7-50DB-49D2-94D0-0E9D34FDECBC}"
EndProject
Global
	GlobalSection(SolutionConfigurationPlatforms) = preSolution
		Debug|Any CPU = Debug|Any CPU
		Debug|x64 = Debug|x64
		Debug|x86 = Debug|x86
		Release|Any CPU = Release|Any CPU
		Release|x64 = Release|x64
		Release|x86 = Release|x86
	EndGlobalSection
	GlobalSection(ProjectConfigurationPlatforms) = postSolution
		{610DEA50-50E1-48A6-BF11-78F555E5EF51}.Debug|Any CPU.ActiveCfg = Debug|Win32
		{610DEA50-50E1-48A6-BF11-78F555E5EF51}.Debug|x64.ActiveCfg = Debug|x64
		{610DEA50-50E1-48A6-BF11-78F555E5EF51}.Debug|x64.Build.0 = Debug|x64
		{610DEA50-50E1-48A6-BF11-78F555E5EF51}.Debug|x86.ActiveCfg = Debug|Win32
		{610DEA50-50E1-48A6-BF11-78F555E5EF51}.Debug|x86.Build.0 = Debug|Win32
		{610DEA50-50E1-48A6-BF11-78F555E5EF51}.Release|Any CPU.ActiveCfg = Release|Win32
		{610DEA50-50E1-48A6-BF11-78F555E5EF51}.Release|x64.ActiveCfg = Release|x64
		{610DEA50-50E1-48A6-BF11-78F555E5EF51}.Release|x64.Build.0 = Release|x64
		{610DEA50-50E1-48A6-BF11-78F555E5EF51}.Release|x86.ActiveCfg = Release|Win32
		{610DEA50-50E1-48A6-BF11-78F555E5EF51}.Release|x86.Build.0 = Release|Win32
		{0A2DA43C-7947-4E7D-A0B8-051D0C6B48C8}.Debug|Any CPU.ActiveCfg = Debug|Win32
		{0A2DA43C-7947-4E7D-A0B8-051D0C6B48C8}.Debug|x64.ActiveCfg = Debug|x64
		{0A2DA43C-7947-4E7D-A0B8-051D0C6B48C8}.Debug|x64.Build.0 = Debug|x64
		{0A2DA43C-7947-4E7D-A0B8-051D0C6B48C8}.Debug|x86.ActiveCfg = Debug|Win32
		{0A2DA43C-7947-4E7D-A0B8-051D0C6B48C8}.Debug|x86.Build.0 = Debug|Win32
		{0A2DA43C-7947-4E7D-A0B8-051D0C6B48C8}.Release|Any CPU.ActiveCfg = Release|Win32
		{0A2DA43C-7947-4E7D-A0B8-051D0C6B48C8}.Release|x64.ActiveCfg = Release|x64
		{0A2DA43C-7947-4E7D-A0B8-051D0C6B48C8}.Release|x64.Build.0 = Release|x64
		{0A2DA43C-7947-4E7D-A0B8-051D0C6B48C8}.Release|x86.ActiveCfg = Release|Win32
		{0A2DA43C-7947-4E7D-A0B8-051D0C6B48C8}.Release|x86.Build.0 = Release|Win32
		{35CEF0CC-F544-4339-BFE4-5248EB813F48}.Debug|Any CPU.ActiveCfg = Debug|Win32
		{35CEF0CC-F544-4339-BFE4-5248EB813F48}.Debug|x64.ActiveCfg = Debug|x64
		{35CEF0CC-F544-4339-BFE4-5248EB813F48}.Debug|x64.Build.0 = Debug|x64
		{35CEF0CC-F544-4339-BFE4-5248EB813F48}.Debug|x86.ActiveCfg = Debug|Win32
		{35CEF0CC-F544-4339-BFE4-5248EB813F48}.Debug|x86.Build.0 = Debug|Win32
		{35CEF0CC-F544-4339-BFE4-5248EB813F48}.Release|Any CPU.ActiveCfg = Release|Win32
		{35CEF0CC-F544-4339-BFE4-5248EB813F48}.Release|x64.ActiveCfg = Release|x64
		{35CEF0CC-F544-4339-BFE4-5248EB813F48}.Release|x64.Build.0 = Release|x64
		{35CEF0CC-F544-4339-BFE4-5248EB813F48}.Release|x86.ActiveCfg = Release|Win32
		{35CEF0CC-F544-4339-BFE4-5248EB813F48}.Release|x86.Build.0 = Release|Win32
		{147FF753-AC82-4939-BDC9-8DDAE5DD5BA8}.Debug|Any CPU.ActiveCfg = Debug|Win32
		{147FF753-AC82-4939-BDC9-8DDAE5DD5BA8}.Debug|x64.ActiveCfg = Debug|x64
		{147FF753-AC82-4939-BDC9-8DDAE5DD5BA8}.Debug|x64.Build.0 = Debug|x64
		{147FF753-AC82-4939-BDC9-8DDAE5DD5BA8}.Debug|x86.ActiveCfg = Debug|Win32
		{147FF753-AC82-4939-BDC9-8DDAE5DD5BA8}.Debug|x86.Build.0 = Debug|Win32
		{147FF753-AC82-4939-BDC9-8DDAE5DD5BA8}.Release|Any CPU.ActiveCfg = Release|Win32
		{147FF753-AC82-4939-BDC9-8DDAE5DD5BA8}.Release|x64.ActiveCfg = Release|x64
		{147FF753-AC82-4939-BDC9-8DDAE5DD5BA8}.Release|x64.Build.0 = Release|x64
		{147FF753-AC82-4939-BDC9-8DDAE5DD5BA8}.Release|x86.ActiveCfg = Release|Win32
		{147FF753-AC82-4939-BDC9-8DDAE5DD5BA8}.Release|x86.Build.0 = Release|Win32
		{CAFEF682-BD4E-4FCB-AE4B-D926EAC2F7A9}.Debug|Any CPU.ActiveCfg = Debug|Win32
		{CAFEF682-BD4E-4FCB-AE4B-D926EAC2F7A9}.Debug|x64.ActiveCfg = Debug|x64
		{CAFEF682-BD4E-4FCB-AE4B-D926EAC2F7A9}.Debug|x64.Build.0 = Debug|x64
		{CAFEF682-BD4E-4FCB-AE4B-D926EAC2F7A9}.Debug|x86.ActiveCfg = Debug|Win32
		{CAFEF682-BD4E-4FCB-AE4B-D926EAC2F7A9}.Debug|x86.Build.0 = Debug|Win32
		{CAFEF682-BD4E-4FCB-AE4B-D926EAC2F7A9}.Release|Any CPU.ActiveCfg = Release|Win32
		{CAFEF682-BD4E-4FCB-AE4B-D926EAC2F7A9}.Release|x64.ActiveCfg = Release|x64
		{CAFEF682-BD4E-4FCB-AE4B-D926EAC2F7A9}.Release|x64.Build.0 = Release|x64
		{CAFEF682-BD4E-4FCB-AE4B-D926EAC2F7A9}.Release|x86.ActiveCfg = Release|Win32
		{CAFEF682-BD4E-4FCB-AE4B-D926EAC2F7A9}.Release|x86.Build.0 = Release|Win32
		{1DCAC491-D1C7-4BE3-9418-F2CAEBB34927}.Debug|Any CPU.ActiveCfg = Debug
		{1DCAC491-D1C7-4BE3-9418-F2CAEBB34927}.Debug|Any CPU.Build.0 = Debug
		{1DCAC491-D1C7-4BE3-9418-F2CAEBB34927}.Debug|x64.ActiveCfg = Debug
		{1DCAC491-D1C7-4BE3-9418-F2CAEBB34927}.Debug|x86.ActiveCfg = Debug
		{1DCAC491-D1C7-4BE3-9418-F2CAEBB34927}.Release|Any CPU.ActiveCfg = Release
		{1DCAC491-D1C7-4BE3-9418-F2CAEBB34927}.Release|Any CPU.Build.0 = Release
		{1DCAC491-D1C7-4BE3-9418-F2CAEBB34927}.Release|x64.ActiveCfg = Release
		{1DCAC491-D1C7-4BE3-9418-F2CAEBB34927}.Release|x86.ActiveCfg = Release
		{1DCAC491-D1C7-4BE3-9418-F2CAEBB34927}.Release|x86.Build.0 = Release
		{6E49773D-B09F-456D-82F7-FA7E3455AF26}.Debug|Any CPU.ActiveCfg = Debug|Any CPU
		{6E49773D-B09F-456D-82F7-FA7E3455AF26}.Debug|Any CPU.Build.0 = Debug|Any CPU
		{6E49773D-B09F-456D-82F7-FA7E3455AF26}.Debug|x64.ActiveCfg = Debug|Any CPU
		{6E49773D-B09F-456D-82F7-FA7E3455AF26}.Debug|x64.Build.0 = Debug|Any CPU
		{6E49773D-B09F-456D-82F7-FA7E3455AF26}.Debug|x86.ActiveCfg = Debug|Any CPU
		{6E49773D-B09F-456D-82F7-FA7E3455AF26}.Debug|x86.Build.0 = Debug|Any CPU
		{6E49773D-B09F-456D-82F7-FA7E3455AF26}.Release|Any CPU.ActiveCfg = Release|Any CPU
		{6E49773D-B09F-456D-82F7-FA7E3455AF26}.Release|Any CPU.Build.0 = Release|Any CPU
		{6E49773D-B09F-456D-82F7-FA7E3455AF26}.Release|x64.ActiveCfg = Release|Any CPU
		{6E49773D-B09F-456D-82F7-FA7E3455AF26}.Release|x64.Build.0 = Release|Any CPU
		{6E49773D-B09F-456D-82F7-FA7E3455AF26}.Release|x86.ActiveCfg = Release|Any CPU
		{6E49773D-B09F-456D-82F7-FA7E3455AF26}.Release|x86.Build.0 = Release|Any CPU
		{C00EA8E7-50DB-49D2-94D0-0E9D34FDECBC}.Debug|Any CPU.ActiveCfg = Debug
		{C00EA8E7-50DB-49D2-94D0-0E9D34FDECBC}.Debug|Any CPU.Build.0 = Debug
		{C00EA8E7-50DB-49D2-94D0-0E9D34FDECBC}.Debug|x64.ActiveCfg = Debug
		{C00EA8E7-50DB-49D2-94D0-0E9D34FDECBC}.Debug|x64.Build.0 = Debug
		{C00EA8E7-50DB-49D2-94D0-0E9D34FDECBC}.Debug|x86.ActiveCfg = Debug
		{C00EA8E7-50DB-49D2-94D0-0E9D34FDECBC}.Debug|x86.Build.0 = Debug
		{C00EA8E7-50DB-49D2-94D0-0E9D34FDECBC}.Release|Any CPU.ActiveCfg = Release
		{C00EA8E7-50DB-49D2-94D0-0E9D34FDECBC}.Release|Any CPU.Build.0 = Release
		{C00EA8E7-50DB-49D2-94D0-0E9D34FDECBC}.Release|x64.ActiveCfg = Release
		{C00EA8E7-50DB-49D2-94D0-0E9D34FDECBC}.Release|x64.Build.0 = Release
		{C00EA8E7-50DB-49D2-94D0-0E9D34FDECBC}.Release|x86.ActiveCfg = Release
		{C00EA8E7-50DB-49D2-94D0-0E9D34FDECBC}.Release|x86.Build.0 = Release
	EndGlobalSection
	GlobalSection(SolutionProperties) = preSolution
		HideSolutionNode = FALSE
	EndGlobalSection
EndGlobal
